
Microsoft Visual Studio Solution File, Format Version 12.00
# Visual Studio 14
VisualStudioVersion = 14.0.25420.1
MinimumVisualStudioVersion = 10.0.40219.1
Project("{8BC9CEB8-8B4A-11D0-8D11-00A0C91BC942}") = "SAR_ADR_TerraSAR_Algorithm", "SAR_ADR_TerraSAR_Algorithm\SAR_ADR_TerraSAR_Algorithm.vcxproj", "{A5B30947-7054-4C5A-8A0C-632CE702489D}"
EndProject
Project("{FAE04EC0-301F-11D3-BF4B-00C04F79EFBC}") = "Plugins.SJTU_SAR_ADR_Plugin", "Plugins.SJTU_SAR_ADR_Plugin\Plugins.SJTU_SAR_ADR_Plugin.csproj", "{F8BE60DA-F183-4886-836D-5C97A10F2DF0}"
EndProject
Project("{8BC9CEB8-8B4A-11D0-8D11-00A0C91BC942}") = "GetThumbImageFromPyramid", "GetThumbImageFromPyramid\GetThumbImageFromPyramid.vcxproj", "{34352D25-8D34-41B0-91E0-E39A8607B43E}"
EndProject
Project("{FAE04EC0-301F-11D3-BF4B-00C04F79EFBC}") = "STJU_SAR_ADR_UI", "STJU_SAR_ADR_UI\STJU_SAR_ADR_UI.csproj", "{1106B49C-5E83-4059-A2EB-91794231B84B}"
EndProject
Project("{8BC9CEB8-8B4A-11D0-8D11-00A0C91BC942}") = "GDAL_ReadImageInfo", "GDAL_ReadImageInfo\GDAL_ReadImageInfo.vcxproj", "{ED3A1437-A351-47D4-B471-228DAAB55206}"
EndProject
Global
	GlobalSection(SolutionConfigurationPlatforms) = preSolution
		Debug|Any CPU = Debug|Any CPU
		Debug|x64 = Debug|x64
		Debug|x86 = Debug|x86
		Release|Any CPU = Release|Any CPU
		Release|x64 = Release|x64
		Release|x86 = Release|x86
	EndGlobalSection
	GlobalSection(ProjectConfigurationPlatforms) = postSolution
		{A5B30947-7054-4C5A-8A0C-632CE702489D}.Debug|Any CPU.ActiveCfg = Debug|Win32
		{A5B30947-7054-4C5A-8A0C-632CE702489D}.Debug|x64.ActiveCfg = Debug|x64
		{A5B30947-7054-4C5A-8A0C-632CE702489D}.Debug|x64.Build.0 = Debug|x64
		{A5B30947-7054-4C5A-8A0C-632CE702489D}.Debug|x86.ActiveCfg = Debug|Win32
		{A5B30947-7054-4C5A-8A0C-632CE702489D}.Debug|x86.Build.0 = Debug|Win32
		{A5B30947-7054-4C5A-8A0C-632CE702489D}.Release|Any CPU.ActiveCfg = Release|Win32
		{A5B30947-7054-4C5A-8A0C-632CE702489D}.Release|x64.ActiveCfg = Release|x64
		{A5B30947-7054-4C5A-8A0C-632CE702489D}.Release|x64.Build.0 = Release|x64
		{A5B30947-7054-4C5A-8A0C-632CE702489D}.Release|x86.ActiveCfg = Release|Win32
		{A5B30947-7054-4C5A-8A0C-632CE702489D}.Release|x86.Build.0 = Release|Win32
		{F8BE60DA-F183-4886-836D-5C97A10F2DF0}.Debug|Any CPU.ActiveCfg = Debug|Any CPU
		{F8BE60DA-F183-4886-836D-5C97A10F2DF0}.Debug|Any CPU.Build.0 = Debug|Any CPU
		{F8BE60DA-F183-4886-836D-5C97A10F2DF0}.Debug|x64.ActiveCfg = Debug|Any CPU
		{F8BE60DA-F183-4886-836D-5C97A10F2DF0}.Debug|x64.Build.0 = Debug|Any CPU
		{F8BE60DA-F183-4886-836D-5C97A10F2DF0}.Debug|x86.ActiveCfg = Debug|Any CPU
		{F8BE60DA-F183-4886-836D-5C97A10F2DF0}.Debug|x86.Build.0 = Debug|Any CPU
		{F8BE60DA-F183-4886-836D-5C97A10F2DF0}.Release|Any CPU.ActiveCfg = Release|Any CPU
		{F8BE60DA-F183-4886-836D-5C97A10F2DF0}.Release|Any CPU.Build.0 = Release|Any CPU
		{F8BE60DA-F183-4886-836D-5C97A10F2DF0}.Release|x64.ActiveCfg = Release|Any CPU
		{F8BE60DA-F183-4886-836D-5C97A10F2DF0}.Release|x64.Build.0 = Release|Any CPU
		{F8BE60DA-F183-4886-836D-5C97A10F2DF0}.Release|x86.ActiveCfg = Release|Any CPU
		{F8BE60DA-F183-4886-836D-5C97A10F2DF0}.Release|x86.Build.0 = Release|Any CPU
		{34352D25-8D34-41B0-91E0-E39A8607B43E}.Debug|Any CPU.ActiveCfg = Debug|Win32
		{34352D25-8D34-41B0-91E0-E39A8607B43E}.Debug|x64.ActiveCfg = Debug|x64
		{34352D25-8D34-41B0-91E0-E39A8607B43E}.Debug|x64.Build.0 = Debug|x64
		{34352D25-8D34-41B0-91E0-E39A8607B43E}.Debug|x86.ActiveCfg = Release|Win32
		{34352D25-8D34-41B0-91E0-E39A8607B43E}.Debug|x86.Build.0 = Release|Win32
		{34352D25-8D34-41B0-91E0-E39A8607B43E}.Release|Any CPU.ActiveCfg = Release|Win32
		{34352D25-8D34-41B0-91E0-E39A8607B43E}.Release|x64.ActiveCfg = Release|x64
		{34352D25-8D34-41B0-91E0-E39A8607B43E}.Release|x64.Build.0 = Release|x64
		{34352D25-8D34-41B0-91E0-E39A8607B43E}.Release|x86.ActiveCfg = Release|Win32
		{34352D25-8D34-41B0-91E0-E39A8607B43E}.Release|x86.Build.0 = Release|Win32
		{1106B49C-5E83-4059-A2EB-91794231B84B}.Debug|Any CPU.ActiveCfg = Debug|Any CPU
		{1106B49C-5E83-4059-A2EB-91794231B84B}.Debug|Any CPU.Build.0 = Debug|Any CPU
		{1106B49C-5E83-4059-A2EB-91794231B84B}.Debug|x64.ActiveCfg = Debug|Any CPU
		{1106B49C-5E83-4059-A2EB-91794231B84B}.Debug|x64.Build.0 = Debug|Any CPU
		{1106B49C-5E83-4059-A2EB-91794231B84B}.Debug|x86.ActiveCfg = Debug|Any CPU
		{1106B49C-5E83-4059-A2EB-91794231B84B}.Debug|x86.Build.0 = Debug|Any CPU
		{1106B49C-5E83-4059-A2EB-91794231B84B}.Release|Any CPU.ActiveCfg = Release|Any CPU
		{1106B49C-5E83-4059-A2EB-91794231B84B}.Release|Any CPU.Build.0 = Release|Any CPU
		{1106B49C-5E83-4059-A2EB-91794231B84B}.Release|x64.ActiveCfg = Release|Any CPU
		{1106B49C-5E83-4059-A2EB-91794231B84B}.Release|x64.Build.0 = Release|Any CPU
		{1106B49C-5E83-4059-A2EB-91794231B84B}.Release|x86.ActiveCfg = Release|Any CPU
		{1106B49C-5E83-4059-A2EB-91794231B84B}.Release|x86.Build.0 = Release|Any CPU
		{ED3A1437-A351-47D4-B471-228DAAB55206}.Debug|Any CPU.ActiveCfg = Debug|Win32
		{ED3A1437-A351-47D4-B471-228DAAB55206}.Debug|x64.ActiveCfg = Debug|x64
		{ED3A1437-A351-47D4-B471-228DAAB55206}.Debug|x64.Build.0 = Debug|x64
		{ED3A1437-A351-47D4-B471-228DAAB55206}.Debug|x86.ActiveCfg = Debug|Win32
		{ED3A1437-A351-47D4-B471-228DAAB55206}.Debug|x86.Build.0 = Debug|Win32
		{ED3A1437-A351-47D4-B471-228DAAB55206}.Release|Any CPU.ActiveCfg = Release|Win32
		{ED3A1437-A351-47D4-B471-228DAAB55206}.Release|x64.ActiveCfg = Release|x64
		{ED3A1437-A351-47D4-B471-228DAAB55206}.Release|x64.Build.0 = Release|x64
		{ED3A1437-A351-47D4-B471-228DAAB55206}.Release|x86.ActiveCfg = Release|Win32
		{ED3A1437-A351-47D4-B471-228DAAB55206}.Release|x86.Build.0 = Release|Win32
	EndGlobalSection
	GlobalSection(SolutionProperties) = preSolution
		HideSolutionNode = FALSE
	EndGlobalSection
EndGlobal
